
Microsoft Visual Studio Solution File, Format Version 12.00
# Visual Studio Version 16
VisualStudioVersion = 16.0.31515.178
MinimumVisualStudioVersion = 10.0.40219.1
Project("{FAE04EC0-301F-11D3-BF4B-00C04F79EFBC}") = "PizzaStore_WebApp", "PizzaStore_WebApp\PizzaStore_WebApp.csproj", "{0504A095-7C3A-4A65-92AF-91AD7462F820}"
EndProject
Global
	GlobalSection(SolutionConfigurationPlatforms) = preSolution
		Debug|Any CPU = Debug|Any CPU
		Release|Any CPU = Release|Any CPU
	EndGlobalSection
	GlobalSection(ProjectConfigurationPlatforms) = postSolution
		{0504A095-7C3A-4A65-92AF-91AD7462F820}.Debug|Any CPU.ActiveCfg = Debug|Any CPU
		{0504A095-7C3A-4A65-92AF-91AD7462F820}.Debug|Any CPU.Build.0 = Debug|Any CPU
		{0504A095-7C3A-4A65-92AF-91AD7462F820}.Release|Any CPU.ActiveCfg = Release|Any CPU
		{0504A095-7C3A-4A65-92AF-91AD7462F820}.Release|Any CPU.Build.0 = Release|Any CPU
	EndGlobalSection
	GlobalSection(SolutionProperties) = preSolution
		HideSolutionNode = FALSE
	EndGlobalSection
	GlobalSection(ExtensibilityGlobals) = postSolution
		SolutionGuid = {3A7D9B93-5584-4978-8A0B-8F0823BC1A36}
	EndGlobalSection
EndGlobal
