
Microsoft Visual Studio Solution File, Format Version 12.00
# Visual Studio Version 16
VisualStudioVersion = 16.0.31624.102
MinimumVisualStudioVersion = 10.0.40219.1
Project("{FAE04EC0-301F-11D3-BF4B-00C04F79EFBC}") = "PizzaStoreMVC", "PizzaStoreMVC\PizzaStoreMVC.csproj", "{55D6550C-A13B-46C2-B8B7-140BFCA69A6D}"
EndProject
Project("{FAE04EC0-301F-11D3-BF4B-00C04F79EFBC}") = "PizzaDbData", "PizzaDbData\PizzaDbData.csproj", "{33414DF9-B88B-43FD-9ED0-C2263C5F28B8}"
EndProject
Project("{FAE04EC0-301F-11D3-BF4B-00C04F79EFBC}") = "PizzaRepository", "PizzaRepository\PizzaRepository.csproj", "{221E01CF-283F-4E92-9857-59CB2E58299B}"
EndProject
Global
	GlobalSection(SolutionConfigurationPlatforms) = preSolution
		Debug|Any CPU = Debug|Any CPU
		Release|Any CPU = Release|Any CPU
	EndGlobalSection
	GlobalSection(ProjectConfigurationPlatforms) = postSolution
		{55D6550C-A13B-46C2-B8B7-140BFCA69A6D}.Debug|Any CPU.ActiveCfg = Debug|Any CPU
		{55D6550C-A13B-46C2-B8B7-140BFCA69A6D}.Debug|Any CPU.Build.0 = Debug|Any CPU
		{55D6550C-A13B-46C2-B8B7-140BFCA69A6D}.Release|Any CPU.ActiveCfg = Release|Any CPU
		{55D6550C-A13B-46C2-B8B7-140BFCA69A6D}.Release|Any CPU.Build.0 = Release|Any CPU
		{33414DF9-B88B-43FD-9ED0-C2263C5F28B8}.Debug|Any CPU.ActiveCfg = Debug|Any CPU
		{33414DF9-B88B-43FD-9ED0-C2263C5F28B8}.Debug|Any CPU.Build.0 = Debug|Any CPU
		{33414DF9-B88B-43FD-9ED0-C2263C5F28B8}.Release|Any CPU.ActiveCfg = Release|Any CPU
		{33414DF9-B88B-43FD-9ED0-C2263C5F28B8}.Release|Any CPU.Build.0 = Release|Any CPU
		{221E01CF-283F-4E92-9857-59CB2E58299B}.Debug|Any CPU.ActiveCfg = Debug|Any CPU
		{221E01CF-283F-4E92-9857-59CB2E58299B}.Debug|Any CPU.Build.0 = Debug|Any CPU
		{221E01CF-283F-4E92-9857-59CB2E58299B}.Release|Any CPU.ActiveCfg = Release|Any CPU
		{221E01CF-283F-4E92-9857-59CB2E58299B}.Release|Any CPU.Build.0 = Release|Any CPU
	EndGlobalSection
	GlobalSection(SolutionProperties) = preSolution
		HideSolutionNode = FALSE
	EndGlobalSection
	GlobalSection(ExtensibilityGlobals) = postSolution
		SolutionGuid = {C1763ED5-FAC0-4D30-8690-A848A5F29F16}
	EndGlobalSection
EndGlobal
